// !$*UTF8*$!
{
	archiveVersion = 1;
	classes = {
	};
	objectVersion = 50;
	objects = {

/* Begin PBXBuildFile section */
		1AFC968CE2986E0DE4560B08 /* Pods_BookShop.framework in Frameworks */ = {isa = PBXBuildFile; fileRef = 92AB2EA62759B11D11267728 /* Pods_BookShop.framework */; };
		B5039F66230C3C3C0039C994 /* Books.plist in Resources */ = {isa = PBXBuildFile; fileRef = B5039F65230C3C3C0039C994 /* Books.plist */; };
		B5039F68230C48330039C994 /* Book.swift in Sources */ = {isa = PBXBuildFile; fileRef = B5039F67230C48330039C994 /* Book.swift */; };
		B5039F6A230C65C40039C994 /* PlistManager.swift in Sources */ = {isa = PBXBuildFile; fileRef = B5039F69230C65C40039C994 /* PlistManager.swift */; };
		B571E693230D5E4100F4D4EC /* NewBookViewController.swift in Sources */ = {isa = PBXBuildFile; fileRef = B571E692230D5E4100F4D4EC /* NewBookViewController.swift */; };
		B571E695230D796800F4D4EC /* StorageManager.swift in Sources */ = {isa = PBXBuildFile; fileRef = B571E694230D796800F4D4EC /* StorageManager.swift */; };
		B59A5457230C34590088EB56 /* AppDelegate.swift in Sources */ = {isa = PBXBuildFile; fileRef = B59A5456230C34590088EB56 /* AppDelegate.swift */; };
		B59A5459230C34590088EB56 /* ViewController.swift in Sources */ = {isa = PBXBuildFile; fileRef = B59A5458230C34590088EB56 /* ViewController.swift */; };
		B59A545C230C34590088EB56 /* Main.storyboard in Resources */ = {isa = PBXBuildFile; fileRef = B59A545A230C34590088EB56 /* Main.storyboard */; };
		B59A545E230C345A0088EB56 /* Assets.xcassets in Resources */ = {isa = PBXBuildFile; fileRef = B59A545D230C345A0088EB56 /* Assets.xcassets */; };
		B59A5461230C345A0088EB56 /* LaunchScreen.storyboard in Resources */ = {isa = PBXBuildFile; fileRef = B59A545F230C345A0088EB56 /* LaunchScreen.storyboard */; };
		B59A5469230C370C0088EB56 /* TableViewController.swift in Sources */ = {isa = PBXBuildFile; fileRef = B59A5468230C370C0088EB56 /* TableViewController.swift */; };
		B5EC180D230D453D002D803E /* CustomTableViewCell.swift in Sources */ = {isa = PBXBuildFile; fileRef = B5EC180C230D453D002D803E /* CustomTableViewCell.swift */; };
/* End PBXBuildFile section */

/* Begin PBXFileReference section */
		103E84B14831EA964178F705 /* Pods-BookShop.debug.xcconfig */ = {isa = PBXFileReference; includeInIndex = 1; lastKnownFileType = text.xcconfig; name = "Pods-BookShop.debug.xcconfig"; path = "Pods/Target Support Files/Pods-BookShop/Pods-BookShop.debug.xcconfig"; sourceTree = "<group>"; };
		92AB2EA62759B11D11267728 /* Pods_BookShop.framework */ = {isa = PBXFileReference; explicitFileType = wrapper.framework; includeInIndex = 0; path = Pods_BookShop.framework; sourceTree = BUILT_PRODUCTS_DIR; };
		B5039F65230C3C3C0039C994 /* Books.plist */ = {isa = PBXFileReference; lastKnownFileType = text.plist.xml; path = Books.plist; sourceTree = "<group>"; };
		B5039F67230C48330039C994 /* Book.swift */ = {isa = PBXFileReference; lastKnownFileType = sourcecode.swift; path = Book.swift; sourceTree = "<group>"; };
		B5039F69230C65C40039C994 /* PlistManager.swift */ = {isa = PBXFileReference; lastKnownFileType = sourcecode.swift; path = PlistManager.swift; sourceTree = "<group>"; };
		B571E692230D5E4100F4D4EC /* NewBookViewController.swift */ = {isa = PBXFileReference; lastKnownFileType = sourcecode.swift; path = NewBookViewController.swift; sourceTree = "<group>"; };
		B571E694230D796800F4D4EC /* StorageManager.swift */ = {isa = PBXFileReference; lastKnownFileType = sourcecode.swift; path = StorageManager.swift; sourceTree = "<group>"; };
		B59A5453230C34590088EB56 /* BookShop.app */ = {isa = PBXFileReference; explicitFileType = wrapper.application; includeInIndex = 0; path = BookShop.app; sourceTree = BUILT_PRODUCTS_DIR; };
		B59A5456230C34590088EB56 /* AppDelegate.swift */ = {isa = PBXFileReference; lastKnownFileType = sourcecode.swift; path = AppDelegate.swift; sourceTree = "<group>"; };
		B59A5458230C34590088EB56 /* ViewController.swift */ = {isa = PBXFileReference; lastKnownFileType = sourcecode.swift; path = ViewController.swift; sourceTree = "<group>"; };
		B59A545B230C34590088EB56 /* Base */ = {isa = PBXFileReference; lastKnownFileType = file.storyboard; name = Base; path = Base.lproj/Main.storyboard; sourceTree = "<group>"; };
		B59A545D230C345A0088EB56 /* Assets.xcassets */ = {isa = PBXFileReference; lastKnownFileType = folder.assetcatalog; path = Assets.xcassets; sourceTree = "<group>"; };
		B59A5460230C345A0088EB56 /* Base */ = {isa = PBXFileReference; lastKnownFileType = file.storyboard; name = Base; path = Base.lproj/LaunchScreen.storyboard; sourceTree = "<group>"; };
		B59A5462230C345A0088EB56 /* Info.plist */ = {isa = PBXFileReference; lastKnownFileType = text.plist.xml; path = Info.plist; sourceTree = "<group>"; };
		B59A5468230C370C0088EB56 /* TableViewController.swift */ = {isa = PBXFileReference; lastKnownFileType = sourcecode.swift; path = TableViewController.swift; sourceTree = "<group>"; };
		B5EC180C230D453D002D803E /* CustomTableViewCell.swift */ = {isa = PBXFileReference; lastKnownFileType = sourcecode.swift; path = CustomTableViewCell.swift; sourceTree = "<group>"; };
		D1A18310618DFB516B550623 /* Pods-BookShop.release.xcconfig */ = {isa = PBXFileReference; includeInIndex = 1; lastKnownFileType = text.xcconfig; name = "Pods-BookShop.release.xcconfig"; path = "Pods/Target Support Files/Pods-BookShop/Pods-BookShop.release.xcconfig"; sourceTree = "<group>"; };
/* End PBXFileReference section */

/* Begin PBXFrameworksBuildPhase section */
		B59A5450230C34590088EB56 /* Frameworks */ = {
			isa = PBXFrameworksBuildPhase;
			buildActionMask = 2147483647;
			files = (
				1AFC968CE2986E0DE4560B08 /* Pods_BookShop.framework in Frameworks */,
			);
			runOnlyForDeploymentPostprocessing = 0;
		};
/* End PBXFrameworksBuildPhase section */

/* Begin PBXGroup section */
		2B5B5B7CCD4F89E0667A74D7 /* Pods */ = {
			isa = PBXGroup;
			children = (
				103E84B14831EA964178F705 /* Pods-BookShop.debug.xcconfig */,
				D1A18310618DFB516B550623 /* Pods-BookShop.release.xcconfig */,
			);
			name = Pods;
			sourceTree = "<group>";
		};
		B59A544A230C34590088EB56 = {
			isa = PBXGroup;
			children = (
				B59A5455230C34590088EB56 /* BookShop */,
				B59A5454230C34590088EB56 /* Products */,
				2B5B5B7CCD4F89E0667A74D7 /* Pods */,
				DD23918826FB899A6FA9EA71 /* Frameworks */,
			);
			sourceTree = "<group>";
		};
		B59A5454230C34590088EB56 /* Products */ = {
			isa = PBXGroup;
			children = (
				B59A5453230C34590088EB56 /* BookShop.app */,
			);
			name = Products;
			sourceTree = "<group>";
		};
		B59A5455230C34590088EB56 /* BookShop */ = {
			isa = PBXGroup;
			children = (
				B59A5456230C34590088EB56 /* AppDelegate.swift */,
				B5039F65230C3C3C0039C994 /* Books.plist */,
				B5039F67230C48330039C994 /* Book.swift */,
				B571E694230D796800F4D4EC /* StorageManager.swift */,
				B59A5468230C370C0088EB56 /* TableViewController.swift */,
				B5039F69230C65C40039C994 /* PlistManager.swift */,
				B59A5458230C34590088EB56 /* ViewController.swift */,
				B59A545A230C34590088EB56 /* Main.storyboard */,
				B571E692230D5E4100F4D4EC /* NewBookViewController.swift */,
				B5EC180C230D453D002D803E /* CustomTableViewCell.swift */,
				B59A545D230C345A0088EB56 /* Assets.xcassets */,
				B59A545F230C345A0088EB56 /* LaunchScreen.storyboard */,
				B59A5462230C345A0088EB56 /* Info.plist */,
			);
			path = BookShop;
			sourceTree = "<group>";
		};
		DD23918826FB899A6FA9EA71 /* Frameworks */ = {
			isa = PBXGroup;
			children = (
				92AB2EA62759B11D11267728 /* Pods_BookShop.framework */,
			);
			name = Frameworks;
			sourceTree = "<group>";
		};
/* End PBXGroup section */

/* Begin PBXNativeTarget section */
		B59A5452230C34590088EB56 /* BookShop */ = {
			isa = PBXNativeTarget;
			buildConfigurationList = B59A5465230C345A0088EB56 /* Build configuration list for PBXNativeTarget "BookShop" */;
			buildPhases = (
				536F9A46B2AA401798F35BFF /* [CP] Check Pods Manifest.lock */,
				B59A544F230C34590088EB56 /* Sources */,
				B59A5450230C34590088EB56 /* Frameworks */,
				B59A5451230C34590088EB56 /* Resources */,
				E72C49DAF70B8DAAAECC0050 /* [CP] Embed Pods Frameworks */,
			);
			buildRules = (
			);
			dependencies = (
			);
			name = BookShop;
			productName = BookShop;
			productReference = B59A5453230C34590088EB56 /* BookShop.app */;
			productType = "com.apple.product-type.application";
		};
/* End PBXNativeTarget section */

/* Begin PBXProject section */
		B59A544B230C34590088EB56 /* Project object */ = {
			isa = PBXProject;
			attributes = {
				LastSwiftUpdateCheck = 1030;
				LastUpgradeCheck = 1030;
				ORGANIZATIONNAME = "Марина Попова";
				TargetAttributes = {
					B59A5452230C34590088EB56 = {
						CreatedOnToolsVersion = 10.3;
					};
				};
			};
			buildConfigurationList = B59A544E230C34590088EB56 /* Build configuration list for PBXProject "BookShop" */;
			compatibilityVersion = "Xcode 9.3";
			developmentRegion = en;
			hasScannedForEncodings = 0;
			knownRegions = (
				en,
				Base,
			);
			mainGroup = B59A544A230C34590088EB56;
			productRefGroup = B59A5454230C34590088EB56 /* Products */;
			projectDirPath = "";
			projectRoot = "";
			targets = (
				B59A5452230C34590088EB56 /* BookShop */,
			);
		};
/* End PBXProject section */

/* Begin PBXResourcesBuildPhase section */
		B59A5451230C34590088EB56 /* Resources */ = {
			isa = PBXResourcesBuildPhase;
			buildActionMask = 2147483647;
			files = (
				B59A5461230C345A0088EB56 /* LaunchScreen.storyboard in Resources */,
				B59A545E230C345A0088EB56 /* Assets.xcassets in Resources */,
				B59A545C230C34590088EB56 /* Main.storyboard in Resources */,
				B5039F66230C3C3C0039C994 /* Books.plist in Resources */,
			);
			runOnlyForDeploymentPostprocessing = 0;
		};
/* End PBXResourcesBuildPhase section */

/* Begin PBXShellScriptBuildPhase section */
		536F9A46B2AA401798F35BFF /* [CP] Check Pods Manifest.lock */ = {
			isa = PBXShellScriptBuildPhase;
			buildActionMask = 2147483647;
			files = (
			);
			inputFileListPaths = (
			);
			inputPaths = (
				"${PODS_PODFILE_DIR_PATH}/Podfile.lock",
				"${PODS_ROOT}/Manifest.lock",
			);
			name = "[CP] Check Pods Manifest.lock";
			outputFileListPaths = (
			);
			outputPaths = (
				"$(DERIVED_FILE_DIR)/Pods-BookShop-checkManifestLockResult.txt",
			);
			runOnlyForDeploymentPostprocessing = 0;
			shellPath = /bin/sh;
			shellScript = "diff \"${PODS_PODFILE_DIR_PATH}/Podfile.lock\" \"${PODS_ROOT}/Manifest.lock\" > /dev/null\nif [ $? != 0 ] ; then\n    # print error to STDERR\n    echo \"error: The sandbox is not in sync with the Podfile.lock. Run 'pod install' or update your CocoaPods installation.\" >&2\n    exit 1\nfi\n# This output is used by Xcode 'outputs' to avoid re-running this script phase.\necho \"SUCCESS\" > \"${SCRIPT_OUTPUT_FILE_0}\"\n";
			showEnvVarsInLog = 0;
		};
		E72C49DAF70B8DAAAECC0050 /* [CP] Embed Pods Frameworks */ = {
			isa = PBXShellScriptBuildPhase;
			buildActionMask = 2147483647;
			files = (
			);
			inputFileListPaths = (
			);
			inputPaths = (
				"${SRCROOT}/Pods/Target Support Files/Pods-BookShop/Pods-BookShop-frameworks.sh",
				"${BUILT_PRODUCTS_DIR}/Realm/Realm.framework",
				"${BUILT_PRODUCTS_DIR}/RealmSwift/RealmSwift.framework",
			);
			name = "[CP] Embed Pods Frameworks";
			outputFileListPaths = (
			);
			outputPaths = (
				"${TARGET_BUILD_DIR}/${FRAMEWORKS_FOLDER_PATH}/Realm.framework",
				"${TARGET_BUILD_DIR}/${FRAMEWORKS_FOLDER_PATH}/RealmSwift.framework",
			);
			runOnlyForDeploymentPostprocessing = 0;
			shellPath = /bin/sh;
			shellScript = "\"${SRCROOT}/Pods/Target Support Files/Pods-BookShop/Pods-BookShop-frameworks.sh\"\n";
			showEnvVarsInLog = 0;
		};
/* End PBXShellScriptBuildPhase section */

/* Begin PBXSourcesBuildPhase section */
		B59A544F230C34590088EB56 /* Sources */ = {
			isa = PBXSourcesBuildPhase;
			buildActionMask = 2147483647;
			files = (
				B5EC180D230D453D002D803E /* CustomTableViewCell.swift in Sources */,
				B5039F6A230C65C40039C994 /* PlistManager.swift in Sources */,
				B5039F68230C48330039C994 /* Book.swift in Sources */,
				B59A5459230C34590088EB56 /* ViewController.swift in Sources */,
				B59A5469230C370C0088EB56 /* TableViewController.swift in Sources */,
				B571E693230D5E4100F4D4EC /* NewBookViewController.swift in Sources */,
				B59A5457230C34590088EB56 /* AppDelegate.swift in Sources */,
				B571E695230D796800F4D4EC /* StorageManager.swift in Sources */,
			);
			runOnlyForDeploymentPostprocessing = 0;
		};
/* End PBXSourcesBuildPhase section */

/* Begin PBXVariantGroup section */
		B59A545A230C34590088EB56 /* Main.storyboard */ = {
			isa = PBXVariantGroup;
			children = (
				B59A545B230C34590088EB56 /* Base */,
			);
			name = Main.storyboard;
			sourceTree = "<group>";
		};
		B59A545F230C345A0088EB56 /* LaunchScreen.storyboard */ = {
			isa = PBXVariantGroup;
			children = (
				B59A5460230C345A0088EB56 /* Base */,
			);
			name = LaunchScreen.storyboard;
			sourceTree = "<group>";
		};
/* End PBXVariantGroup section */

/* Begin XCBuildConfiguration section */
		B59A5463230C345A0088EB56 /* Debug */ = {
			isa = XCBuildConfiguration;
			buildSettings = {
				ALWAYS_SEARCH_USER_PATHS = NO;
				CLANG_ANALYZER_NONNULL = YES;
				CLANG_ANALYZER_NUMBER_OBJECT_CONVERSION = YES_AGGRESSIVE;
				CLANG_CXX_LANGUAGE_STANDARD = "gnu++14";
				CLANG_CXX_LIBRARY = "libc++";
				CLANG_ENABLE_MODULES = YES;
				CLANG_ENABLE_OBJC_ARC = YES;
				CLANG_ENABLE_OBJC_WEAK = YES;
				CLANG_WARN_BLOCK_CAPTURE_AUTORELEASING = YES;
				CLANG_WARN_BOOL_CONVERSION = YES;
				CLANG_WARN_COMMA = YES;
				CLANG_WARN_CONSTANT_CONVERSION = YES;
				CLANG_WARN_DEPRECATED_OBJC_IMPLEMENTATIONS = YES;
				CLANG_WARN_DIRECT_OBJC_ISA_USAGE = YES_ERROR;
				CLANG_WARN_DOCUMENTATION_COMMENTS = YES;
				CLANG_WARN_EMPTY_BODY = YES;
				CLANG_WARN_ENUM_CONVERSION = YES;
				CLANG_WARN_INFINITE_RECURSION = YES;
				CLANG_WARN_INT_CONVERSION = YES;
				CLANG_WARN_NON_LITERAL_NULL_CONVERSION = YES;
				CLANG_WARN_OBJC_IMPLICIT_RETAIN_SELF = YES;
				CLANG_WARN_OBJC_LITERAL_CONVERSION = YES;
				CLANG_WARN_OBJC_ROOT_CLASS = YES_ERROR;
				CLANG_WARN_RANGE_LOOP_ANALYSIS = YES;
				CLANG_WARN_STRICT_PROTOTYPES = YES;
				CLANG_WARN_SUSPICIOUS_MOVE = YES;
				CLANG_WARN_UNGUARDED_AVAILABILITY = YES_AGGRESSIVE;
				CLANG_WARN_UNREACHABLE_CODE = YES;
				CLANG_WARN__DUPLICATE_METHOD_MATCH = YES;
				CODE_SIGN_IDENTITY = "iPhone Developer";
				COPY_PHASE_STRIP = NO;
				DEBUG_INFORMATION_FORMAT = dwarf;
				ENABLE_STRICT_OBJC_MSGSEND = YES;
				ENABLE_TESTABILITY = YES;
				GCC_C_LANGUAGE_STANDARD = gnu11;
				GCC_DYNAMIC_NO_PIC = NO;
				GCC_NO_COMMON_BLOCKS = YES;
				GCC_OPTIMIZATION_LEVEL = 0;
				GCC_PREPROCESSOR_DEFINITIONS = (
					"DEBUG=1",
					"$(inherited)",
				);
				GCC_WARN_64_TO_32_BIT_CONVERSION = YES;
				GCC_WARN_ABOUT_RETURN_TYPE = YES_ERROR;
				GCC_WARN_UNDECLARED_SELECTOR = YES;
				GCC_WARN_UNINITIALIZED_AUTOS = YES_AGGRESSIVE;
				GCC_WARN_UNUSED_FUNCTION = YES;
				GCC_WARN_UNUSED_VARIABLE = YES;
				IPHONEOS_DEPLOYMENT_TARGET = 12.4;
				MTL_ENABLE_DEBUG_INFO = INCLUDE_SOURCE;
				MTL_FAST_MATH = YES;
				ONLY_ACTIVE_ARCH = YES;
				SDKROOT = iphoneos;
				SWIFT_ACTIVE_COMPILATION_CONDITIONS = DEBUG;
				SWIFT_OPTIMIZATION_LEVEL = "-Onone";
			};
			name = Debug;
		};
		B59A5464230C345A0088EB56 /* Release */ = {
			isa = XCBuildConfiguration;
			buildSettings = {
				ALWAYS_SEARCH_USER_PATHS = NO;
				CLANG_ANALYZER_NONNULL = YES;
				CLANG_ANALYZER_NUMBER_OBJECT_CONVERSION = YES_AGGRESSIVE;
				CLANG_CXX_LANGUAGE_STANDARD = "gnu++14";
				CLANG_CXX_LIBRARY = "libc++";
				CLANG_ENABLE_MODULES = YES;
				CLANG_ENABLE_OBJC_ARC = YES;
				CLANG_ENABLE_OBJC_WEAK = YES;
				CLANG_WARN_BLOCK_CAPTURE_AUTORELEASING = YES;
				CLANG_WARN_BOOL_CONVERSION = YES;
				CLANG_WARN_COMMA = YES;
				CLANG_WARN_CONSTANT_CONVERSION = YES;
				CLANG_WARN_DEPRECATED_OBJC_IMPLEMENTATIONS = YES;
				CLANG_WARN_DIRECT_OBJC_ISA_USAGE = YES_ERROR;
				CLANG_WARN_DOCUMENTATION_COMMENTS = YES;
				CLANG_WARN_EMPTY_BODY = YES;
				CLANG_WARN_ENUM_CONVERSION = YES;
				CLANG_WARN_INFINITE_RECURSION = YES;
				CLANG_WARN_INT_CONVERSION = YES;
				CLANG_WARN_NON_LITERAL_NULL_CONVERSION = YES;
				CLANG_WARN_OBJC_IMPLICIT_RETAIN_SELF = YES;
				CLANG_WARN_OBJC_LITERAL_CONVERSION = YES;
				CLANG_WARN_OBJC_ROOT_CLASS = YES_ERROR;
				CLANG_WARN_RANGE_LOOP_ANALYSIS = YES;
				CLANG_WARN_STRICT_PROTOTYPES = YES;
				CLANG_WARN_SUSPICIOUS_MOVE = YES;
				CLANG_WARN_UNGUARDED_AVAILABILITY = YES_AGGRESSIVE;
				CLANG_WARN_UNREACHABLE_CODE = YES;
				CLANG_WARN__DUPLICATE_METHOD_MATCH = YES;
				CODE_SIGN_IDENTITY = "iPhone Developer";
				COPY_PHASE_STRIP = NO;
				DEBUG_INFORMATION_FORMAT = "dwarf-with-dsym";
				ENABLE_NS_ASSERTIONS = NO;
				ENABLE_STRICT_OBJC_MSGSEND = YES;
				GCC_C_LANGUAGE_STANDARD = gnu11;
				GCC_NO_COMMON_BLOCKS = YES;
				GCC_WARN_64_TO_32_BIT_CONVERSION = YES;
				GCC_WARN_ABOUT_RETURN_TYPE = YES_ERROR;
				GCC_WARN_UNDECLARED_SELECTOR = YES;
				GCC_WARN_UNINITIALIZED_AUTOS = YES_AGGRESSIVE;
				GCC_WARN_UNUSED_FUNCTION = YES;
				GCC_WARN_UNUSED_VARIABLE = YES;
				IPHONEOS_DEPLOYMENT_TARGET = 12.4;
				MTL_ENABLE_DEBUG_INFO = NO;
				MTL_FAST_MATH = YES;
				SDKROOT = iphoneos;
				SWIFT_COMPILATION_MODE = wholemodule;
				SWIFT_OPTIMIZATION_LEVEL = "-O";
				VALIDATE_PRODUCT = YES;
			};
			name = Release;
		};
		B59A5466230C345A0088EB56 /* Debug */ = {
			isa = XCBuildConfiguration;
			baseConfigurationReference = 103E84B14831EA964178F705 /* Pods-BookShop.debug.xcconfig */;
			buildSettings = {
				ASSETCATALOG_COMPILER_APPICON_NAME = AppIcon;
				CODE_SIGN_STYLE = Automatic;
				DEVELOPMENT_TEAM = W56HZ69C64;
				INFOPLIST_FILE = BookShop/Info.plist;
				LD_RUNPATH_SEARCH_PATHS = (
					"$(inherited)",
					"@executable_path/Frameworks",
				);
				PRODUCT_BUNDLE_IDENTIFIER = com.popova.BookShop;
				PRODUCT_NAME = "$(TARGET_NAME)";
				SWIFT_VERSION = 5.0;
				TARGETED_DEVICE_FAMILY = "1,2";
			};
			name = Debug;
		};
		B59A5467230C345A0088EB56 /* Release */ = {
			isa = XCBuildConfiguration;
			baseConfigurationReference = D1A18310618DFB516B550623 /* Pods-BookShop.release.xcconfig */;
			buildSettings = {
				ASSETCATALOG_COMPILER_APPICON_NAME = AppIcon;
				CODE_SIGN_STYLE = Automatic;
				DEVELOPMENT_TEAM = W56HZ69C64;
				INFOPLIST_FILE = BookShop/Info.plist;
				LD_RUNPATH_SEARCH_PATHS = (
					"$(inherited)",
					"@executable_path/Frameworks",
				);
				PRODUCT_BUNDLE_IDENTIFIER = com.popova.BookShop;
				PRODUCT_NAME = "$(TARGET_NAME)";
				SWIFT_VERSION = 5.0;
				TARGETED_DEVICE_FAMILY = "1,2";
			};
			name = Release;
		};
/* End XCBuildConfiguration section */

/* Begin XCConfigurationList section */
		B59A544E230C34590088EB56 /* Build configuration list for PBXProject "BookShop" */ = {
			isa = XCConfigurationList;
			buildConfigurations = (
				B59A5463230C345A0088EB56 /* Debug */,
				B59A5464230C345A0088EB56 /* Release */,
			);
			defaultConfigurationIsVisible = 0;
			defaultConfigurationName = Release;
		};
		B59A5465230C345A0088EB56 /* Build configuration list for PBXNativeTarget "BookShop" */ = {
			isa = XCConfigurationList;
			buildConfigurations = (
				B59A5466230C345A0088EB56 /* Debug */,
				B59A5467230C345A0088EB56 /* Release */,
			);
			defaultConfigurationIsVisible = 0;
			defaultConfigurationName = Release;
		};
/* End XCConfigurationList section */
	};
	rootObject = B59A544B230C34590088EB56 /* Project object */;
}
